
Microsoft Visual Studio Solution File, Format Version 12.00
Project("{2150E333-8FDC-42A3-9474-1A3956D46DE8}") = "Applications", "Applications", "{90A590B8-DCE0-48D7-BD84-AB7E77E4F78D}"
EndProject
Project("{FAE04EC0-301F-11D3-BF4B-00C04F79EFBC}") = "NextStar.Identity", "Applications\NextStar.Identity\NextStar.Identity.csproj", "{E9B8ABBE-377E-438B-AB6D-337E8BA06961}"
EndProject
Global
	GlobalSection(SolutionConfigurationPlatforms) = preSolution
		Debug|Any CPU = Debug|Any CPU
		Release|Any CPU = Release|Any CPU
	EndGlobalSection
	GlobalSection(NestedProjects) = preSolution
		{E9B8ABBE-377E-438B-AB6D-337E8BA06961} = {90A590B8-DCE0-48D7-BD84-AB7E77E4F78D}
	EndGlobalSection
	GlobalSection(ProjectConfigurationPlatforms) = postSolution
		{E9B8ABBE-377E-438B-AB6D-337E8BA06961}.Debug|Any CPU.ActiveCfg = Debug|Any CPU
		{E9B8ABBE-377E-438B-AB6D-337E8BA06961}.Debug|Any CPU.Build.0 = Debug|Any CPU
		{E9B8ABBE-377E-438B-AB6D-337E8BA06961}.Release|Any CPU.ActiveCfg = Release|Any CPU
		{E9B8ABBE-377E-438B-AB6D-337E8BA06961}.Release|Any CPU.Build.0 = Release|Any CPU
	EndGlobalSection
EndGlobal
