
Microsoft Visual Studio Solution File, Format Version 12.00
Project("{2150E333-8FDC-42A3-9474-1A3956D46DE8}") = "Applications", "Applications", "{90A590B8-DCE0-48D7-BD84-AB7E77E4F78D}"
EndProject
Project("{FAE04EC0-301F-11D3-BF4B-00C04F79EFBC}") = "NextStar.Identity", "Applications\NextStar.Identity\NextStar.Identity.csproj", "{E9B8ABBE-377E-438B-AB6D-337E8BA06961}"
EndProject
Project("{2150E333-8FDC-42A3-9474-1A3956D46DE8}") = "Shared", "Shared", "{4BC76145-52F7-4D13-9596-588E6E025C5A}"
EndProject
Project("{FAE04EC0-301F-11D3-BF4B-00C04F79EFBC}") = "NextStar.Library.Core", "Shared\NextStar.Library.Core\NextStar.Library.Core.csproj", "{675AD456-57B1-440B-B44B-9357BEF3C557}"
EndProject
Project("{FAE04EC0-301F-11D3-BF4B-00C04F79EFBC}") = "NextStar.Library.AspNetCore", "Shared\NextStar.Library.AspNetCore\NextStar.Library.AspNetCore.csproj", "{071EEA8C-AA0F-4484-85E7-0CE39FAEBEEE}"
EndProject
Project("{2150E333-8FDC-42A3-9474-1A3956D46DE8}") = "Gateways", "Gateways", "{609F1ECD-99FB-48ED-BA92-688CE6303252}"
EndProject
Project("{FAE04EC0-301F-11D3-BF4B-00C04F79EFBC}") = "NextStar.Gateway.Manage", "Gateways\NextStar.Gateway.Manage\NextStar.Gateway.Manage.csproj", "{1AD81317-A26D-454A-8B69-A78781B327C5}"
EndProject
Project("{2150E333-8FDC-42A3-9474-1A3956D46DE8}") = "MicroServices", "MicroServices", "{D15A418F-C860-4E14-87E5-F4663D371406}"
EndProject
Project("{2150E333-8FDC-42A3-9474-1A3956D46DE8}") = "NextStar.SystemService", "NextStar.SystemService", "{CDBE69B2-3E4D-4E58-ACED-EDD3C490E1ED}"
EndProject
Project("{FAE04EC0-301F-11D3-BF4B-00C04F79EFBC}") = "NextStar.SystemService.API", "MicroServices\NextStar.SystemService\NextStar.SystemService.API\NextStar.SystemService.API.csproj", "{E022801A-CCA2-48E4-AF71-10EA29C4252D}"
EndProject
Project("{FAE04EC0-301F-11D3-BF4B-00C04F79EFBC}") = "NextStar.SystemService.Core", "MicroServices\NextStar.SystemService\NextStar.SystemService.Core\NextStar.SystemService.Core.csproj", "{B5DB0D91-FC71-4E93-B74B-1FF129FA40AC}"
EndProject
Project("{FAE04EC0-301F-11D3-BF4B-00C04F79EFBC}") = "NextStar.Library.MicroService", "Shared\NextStar.Library.MicroService\NextStar.Library.MicroService.csproj", "{96C8B3E0-0646-4529-92FA-F700D2D7B15F}"
EndProject
Project("{FAE04EC0-301F-11D3-BF4B-00C04F79EFBC}") = "NextStar.Library.Utils", "Shared\NextStar.Library.Utils\NextStar.Library.Utils.csproj", "{1923D340-FD94-40A5-A0E4-65B8AAEA2490}"
EndProject
Global
	GlobalSection(SolutionConfigurationPlatforms) = preSolution
		Debug|Any CPU = Debug|Any CPU
		Release|Any CPU = Release|Any CPU
	EndGlobalSection
	GlobalSection(NestedProjects) = preSolution
		{E9B8ABBE-377E-438B-AB6D-337E8BA06961} = {90A590B8-DCE0-48D7-BD84-AB7E77E4F78D}
		{675AD456-57B1-440B-B44B-9357BEF3C557} = {4BC76145-52F7-4D13-9596-588E6E025C5A}
		{071EEA8C-AA0F-4484-85E7-0CE39FAEBEEE} = {4BC76145-52F7-4D13-9596-588E6E025C5A}
		{1AD81317-A26D-454A-8B69-A78781B327C5} = {609F1ECD-99FB-48ED-BA92-688CE6303252}
		{CDBE69B2-3E4D-4E58-ACED-EDD3C490E1ED} = {D15A418F-C860-4E14-87E5-F4663D371406}
		{E022801A-CCA2-48E4-AF71-10EA29C4252D} = {CDBE69B2-3E4D-4E58-ACED-EDD3C490E1ED}
		{B5DB0D91-FC71-4E93-B74B-1FF129FA40AC} = {CDBE69B2-3E4D-4E58-ACED-EDD3C490E1ED}
		{96C8B3E0-0646-4529-92FA-F700D2D7B15F} = {4BC76145-52F7-4D13-9596-588E6E025C5A}
		{1923D340-FD94-40A5-A0E4-65B8AAEA2490} = {4BC76145-52F7-4D13-9596-588E6E025C5A}
	EndGlobalSection
	GlobalSection(ProjectConfigurationPlatforms) = postSolution
		{E9B8ABBE-377E-438B-AB6D-337E8BA06961}.Debug|Any CPU.ActiveCfg = Debug|Any CPU
		{E9B8ABBE-377E-438B-AB6D-337E8BA06961}.Debug|Any CPU.Build.0 = Debug|Any CPU
		{E9B8ABBE-377E-438B-AB6D-337E8BA06961}.Release|Any CPU.ActiveCfg = Release|Any CPU
		{E9B8ABBE-377E-438B-AB6D-337E8BA06961}.Release|Any CPU.Build.0 = Release|Any CPU
		{675AD456-57B1-440B-B44B-9357BEF3C557}.Debug|Any CPU.ActiveCfg = Debug|Any CPU
		{675AD456-57B1-440B-B44B-9357BEF3C557}.Debug|Any CPU.Build.0 = Debug|Any CPU
		{675AD456-57B1-440B-B44B-9357BEF3C557}.Release|Any CPU.ActiveCfg = Release|Any CPU
		{675AD456-57B1-440B-B44B-9357BEF3C557}.Release|Any CPU.Build.0 = Release|Any CPU
		{071EEA8C-AA0F-4484-85E7-0CE39FAEBEEE}.Debug|Any CPU.ActiveCfg = Debug|Any CPU
		{071EEA8C-AA0F-4484-85E7-0CE39FAEBEEE}.Debug|Any CPU.Build.0 = Debug|Any CPU
		{071EEA8C-AA0F-4484-85E7-0CE39FAEBEEE}.Release|Any CPU.ActiveCfg = Release|Any CPU
		{071EEA8C-AA0F-4484-85E7-0CE39FAEBEEE}.Release|Any CPU.Build.0 = Release|Any CPU
		{1AD81317-A26D-454A-8B69-A78781B327C5}.Debug|Any CPU.ActiveCfg = Debug|Any CPU
		{1AD81317-A26D-454A-8B69-A78781B327C5}.Debug|Any CPU.Build.0 = Debug|Any CPU
		{1AD81317-A26D-454A-8B69-A78781B327C5}.Release|Any CPU.ActiveCfg = Release|Any CPU
		{1AD81317-A26D-454A-8B69-A78781B327C5}.Release|Any CPU.Build.0 = Release|Any CPU
		{E022801A-CCA2-48E4-AF71-10EA29C4252D}.Debug|Any CPU.ActiveCfg = Debug|Any CPU
		{E022801A-CCA2-48E4-AF71-10EA29C4252D}.Debug|Any CPU.Build.0 = Debug|Any CPU
		{E022801A-CCA2-48E4-AF71-10EA29C4252D}.Release|Any CPU.ActiveCfg = Release|Any CPU
		{E022801A-CCA2-48E4-AF71-10EA29C4252D}.Release|Any CPU.Build.0 = Release|Any CPU
		{B5DB0D91-FC71-4E93-B74B-1FF129FA40AC}.Debug|Any CPU.ActiveCfg = Debug|Any CPU
		{B5DB0D91-FC71-4E93-B74B-1FF129FA40AC}.Debug|Any CPU.Build.0 = Debug|Any CPU
		{B5DB0D91-FC71-4E93-B74B-1FF129FA40AC}.Release|Any CPU.ActiveCfg = Release|Any CPU
		{B5DB0D91-FC71-4E93-B74B-1FF129FA40AC}.Release|Any CPU.Build.0 = Release|Any CPU
		{96C8B3E0-0646-4529-92FA-F700D2D7B15F}.Debug|Any CPU.ActiveCfg = Debug|Any CPU
		{96C8B3E0-0646-4529-92FA-F700D2D7B15F}.Debug|Any CPU.Build.0 = Debug|Any CPU
		{96C8B3E0-0646-4529-92FA-F700D2D7B15F}.Release|Any CPU.ActiveCfg = Release|Any CPU
		{96C8B3E0-0646-4529-92FA-F700D2D7B15F}.Release|Any CPU.Build.0 = Release|Any CPU
		{1923D340-FD94-40A5-A0E4-65B8AAEA2490}.Debug|Any CPU.ActiveCfg = Debug|Any CPU
		{1923D340-FD94-40A5-A0E4-65B8AAEA2490}.Debug|Any CPU.Build.0 = Debug|Any CPU
		{1923D340-FD94-40A5-A0E4-65B8AAEA2490}.Release|Any CPU.ActiveCfg = Release|Any CPU
		{1923D340-FD94-40A5-A0E4-65B8AAEA2490}.Release|Any CPU.Build.0 = Release|Any CPU
	EndGlobalSection
EndGlobal
