
Microsoft Visual Studio Solution File, Format Version 12.00
Project("{2150E333-8FDC-42A3-9474-1A3956D46DE8}") = "Applications", "Applications", "{AB2AF0C2-5BA8-4BC2-937C-D953E52D8D8B}"
EndProject
Project("{FAE04EC0-301F-11D3-BF4B-00C04F79EFBC}") = "NextStar.IdentityServer", "Applications\NextStar.IdentityServer\NextStar.IdentityServer.csproj", "{5C1B2AA8-6240-407B-8D0B-ADBADAFBA77C}"
EndProject
Project("{2150E333-8FDC-42A3-9474-1A3956D46DE8}") = "Shared", "Shared", "{74CA2B33-B9E6-490C-9BAA-93747F72AA93}"
EndProject
Project("{FAE04EC0-301F-11D3-BF4B-00C04F79EFBC}") = "NextStar.Framework.Core", "Shared\NextStar.Framework.Core\NextStar.Framework.Core.csproj", "{9439BBD0-6D12-4D0D-99AA-001E156BD0AB}"
EndProject
Project("{FAE04EC0-301F-11D3-BF4B-00C04F79EFBC}") = "NextStar.Framework.Abstractions", "Shared\NextStar.Framework.Abstractions\NextStar.Framework.Abstractions.csproj", "{8B052C67-E759-4C73-988F-3E2E2CAF4CCE}"
EndProject
Project("{FAE04EC0-301F-11D3-BF4B-00C04F79EFBC}") = "NextStar.Framework.Utils", "Shared\NextStar.Framework.Utils\NextStar.Framework.Utils.csproj", "{D978544F-0534-4AA2-A171-5745EFAF323A}"
EndProject
Project("{FAE04EC0-301F-11D3-BF4B-00C04F79EFBC}") = "NextStar.Framework.AspNetCore", "Shared\NextStar.Framework.AspNetCore\NextStar.Framework.AspNetCore.csproj", "{4AC30D46-65B6-42B8-9331-DC1AFAAAF6FC}"
EndProject
Project("{FAE04EC0-301F-11D3-BF4B-00C04F79EFBC}") = "NextStar.Framework.Advanced", "Shared\NextStar.Framework.Advanced\NextStar.Framework.Advanced.csproj", "{BCFCA4FB-7FCF-431C-814D-2890B9E93713}"
EndProject
Project("{2150E333-8FDC-42A3-9474-1A3956D46DE8}") = "Gateways", "Gateways", "{06F66902-8219-4CDA-8734-B9F368000C6A}"
EndProject
Project("{FAE04EC0-301F-11D3-BF4B-00C04F79EFBC}") = "NextStar.Gateway", "Gateways\NextStar.Gateway\NextStar.Gateway.csproj", "{B201825B-86C5-496D-987B-554E2CE66A7B}"
EndProject
Project("{2150E333-8FDC-42A3-9474-1A3956D46DE8}") = "MicroServices", "MicroServices", "{106252CA-3E6C-4A68-AE5C-4B78491C6AE8}"
EndProject
Project("{2150E333-8FDC-42A3-9474-1A3956D46DE8}") = "NextStar.ManageService", "NextStar.ManageService", "{DFCEE5ED-5EF4-49E3-8C5B-08AC53AE9658}"
EndProject
Project("{FAE04EC0-301F-11D3-BF4B-00C04F79EFBC}") = "NextStar.ManageService.Core", "MicroServices\NextStar.ManageService\NextStar.ManageService.Core\NextStar.ManageService.Core.csproj", "{EEED95F8-EE1E-4F43-9559-E03AAB78838A}"
EndProject
Project("{FAE04EC0-301F-11D3-BF4B-00C04F79EFBC}") = "NextStar.ManageService.API", "MicroServices\NextStar.ManageService\NextStar.ManageService.API\NextStar.ManageService.API.csproj", "{CBD30F64-BC69-4462-BC2E-36A6C0837A02}"
EndProject
Project("{2150E333-8FDC-42A3-9474-1A3956D46DE8}") = "NextStar.BlogService", "NextStar.BlogService", "{4FED7A81-039D-494E-91E9-39918CF71084}"
EndProject
Project("{FAE04EC0-301F-11D3-BF4B-00C04F79EFBC}") = "NextStar.BlogService.API", "MicroServices\NextStar.BlogService\NextStar.BlogService.API\NextStar.BlogService.API.csproj", "{BFDEDB54-3765-407A-90F1-953E2383C1C7}"
EndProject
Project("{FAE04EC0-301F-11D3-BF4B-00C04F79EFBC}") = "NextStar.BlogService.Core", "MicroServices\NextStar.BlogService\NextStar.BlogService.Core\NextStar.BlogService.Core.csproj", "{7AA766DB-0CF3-4F43-8D8E-00A83C2E53DC}"
EndProject
Project("{FAE04EC0-301F-11D3-BF4B-00C04F79EFBC}") = "NextStar.Framework.EntityFrameworkCore", "Shared\NextStar.Framework.EntityFrameworkCore\NextStar.Framework.EntityFrameworkCore.csproj", "{8F9C76BC-A185-4A94-AA00-F76653D28939}"
EndProject
Global
	GlobalSection(SolutionConfigurationPlatforms) = preSolution
		Debug|Any CPU = Debug|Any CPU
		Release|Any CPU = Release|Any CPU
	EndGlobalSection
	GlobalSection(ProjectConfigurationPlatforms) = postSolution
		{5C1B2AA8-6240-407B-8D0B-ADBADAFBA77C}.Debug|Any CPU.ActiveCfg = Debug|Any CPU
		{5C1B2AA8-6240-407B-8D0B-ADBADAFBA77C}.Debug|Any CPU.Build.0 = Debug|Any CPU
		{5C1B2AA8-6240-407B-8D0B-ADBADAFBA77C}.Release|Any CPU.ActiveCfg = Release|Any CPU
		{5C1B2AA8-6240-407B-8D0B-ADBADAFBA77C}.Release|Any CPU.Build.0 = Release|Any CPU
		{9439BBD0-6D12-4D0D-99AA-001E156BD0AB}.Debug|Any CPU.ActiveCfg = Debug|Any CPU
		{9439BBD0-6D12-4D0D-99AA-001E156BD0AB}.Debug|Any CPU.Build.0 = Debug|Any CPU
		{9439BBD0-6D12-4D0D-99AA-001E156BD0AB}.Release|Any CPU.ActiveCfg = Release|Any CPU
		{9439BBD0-6D12-4D0D-99AA-001E156BD0AB}.Release|Any CPU.Build.0 = Release|Any CPU
		{8B052C67-E759-4C73-988F-3E2E2CAF4CCE}.Debug|Any CPU.ActiveCfg = Debug|Any CPU
		{8B052C67-E759-4C73-988F-3E2E2CAF4CCE}.Debug|Any CPU.Build.0 = Debug|Any CPU
		{8B052C67-E759-4C73-988F-3E2E2CAF4CCE}.Release|Any CPU.ActiveCfg = Release|Any CPU
		{8B052C67-E759-4C73-988F-3E2E2CAF4CCE}.Release|Any CPU.Build.0 = Release|Any CPU
		{D978544F-0534-4AA2-A171-5745EFAF323A}.Debug|Any CPU.ActiveCfg = Debug|Any CPU
		{D978544F-0534-4AA2-A171-5745EFAF323A}.Debug|Any CPU.Build.0 = Debug|Any CPU
		{D978544F-0534-4AA2-A171-5745EFAF323A}.Release|Any CPU.ActiveCfg = Release|Any CPU
		{D978544F-0534-4AA2-A171-5745EFAF323A}.Release|Any CPU.Build.0 = Release|Any CPU
		{4AC30D46-65B6-42B8-9331-DC1AFAAAF6FC}.Debug|Any CPU.ActiveCfg = Debug|Any CPU
		{4AC30D46-65B6-42B8-9331-DC1AFAAAF6FC}.Debug|Any CPU.Build.0 = Debug|Any CPU
		{4AC30D46-65B6-42B8-9331-DC1AFAAAF6FC}.Release|Any CPU.ActiveCfg = Release|Any CPU
		{4AC30D46-65B6-42B8-9331-DC1AFAAAF6FC}.Release|Any CPU.Build.0 = Release|Any CPU
		{BCFCA4FB-7FCF-431C-814D-2890B9E93713}.Debug|Any CPU.ActiveCfg = Debug|Any CPU
		{BCFCA4FB-7FCF-431C-814D-2890B9E93713}.Debug|Any CPU.Build.0 = Debug|Any CPU
		{BCFCA4FB-7FCF-431C-814D-2890B9E93713}.Release|Any CPU.ActiveCfg = Release|Any CPU
		{BCFCA4FB-7FCF-431C-814D-2890B9E93713}.Release|Any CPU.Build.0 = Release|Any CPU
		{B201825B-86C5-496D-987B-554E2CE66A7B}.Debug|Any CPU.ActiveCfg = Debug|Any CPU
		{B201825B-86C5-496D-987B-554E2CE66A7B}.Debug|Any CPU.Build.0 = Debug|Any CPU
		{B201825B-86C5-496D-987B-554E2CE66A7B}.Release|Any CPU.ActiveCfg = Release|Any CPU
		{B201825B-86C5-496D-987B-554E2CE66A7B}.Release|Any CPU.Build.0 = Release|Any CPU
		{EEED95F8-EE1E-4F43-9559-E03AAB78838A}.Debug|Any CPU.ActiveCfg = Debug|Any CPU
		{EEED95F8-EE1E-4F43-9559-E03AAB78838A}.Debug|Any CPU.Build.0 = Debug|Any CPU
		{EEED95F8-EE1E-4F43-9559-E03AAB78838A}.Release|Any CPU.ActiveCfg = Release|Any CPU
		{EEED95F8-EE1E-4F43-9559-E03AAB78838A}.Release|Any CPU.Build.0 = Release|Any CPU
		{CBD30F64-BC69-4462-BC2E-36A6C0837A02}.Debug|Any CPU.ActiveCfg = Debug|Any CPU
		{CBD30F64-BC69-4462-BC2E-36A6C0837A02}.Debug|Any CPU.Build.0 = Debug|Any CPU
		{CBD30F64-BC69-4462-BC2E-36A6C0837A02}.Release|Any CPU.ActiveCfg = Release|Any CPU
		{CBD30F64-BC69-4462-BC2E-36A6C0837A02}.Release|Any CPU.Build.0 = Release|Any CPU
		{BFDEDB54-3765-407A-90F1-953E2383C1C7}.Debug|Any CPU.ActiveCfg = Debug|Any CPU
		{BFDEDB54-3765-407A-90F1-953E2383C1C7}.Debug|Any CPU.Build.0 = Debug|Any CPU
		{BFDEDB54-3765-407A-90F1-953E2383C1C7}.Release|Any CPU.ActiveCfg = Release|Any CPU
		{BFDEDB54-3765-407A-90F1-953E2383C1C7}.Release|Any CPU.Build.0 = Release|Any CPU
		{7AA766DB-0CF3-4F43-8D8E-00A83C2E53DC}.Debug|Any CPU.ActiveCfg = Debug|Any CPU
		{7AA766DB-0CF3-4F43-8D8E-00A83C2E53DC}.Debug|Any CPU.Build.0 = Debug|Any CPU
		{7AA766DB-0CF3-4F43-8D8E-00A83C2E53DC}.Release|Any CPU.ActiveCfg = Release|Any CPU
		{7AA766DB-0CF3-4F43-8D8E-00A83C2E53DC}.Release|Any CPU.Build.0 = Release|Any CPU
		{8F9C76BC-A185-4A94-AA00-F76653D28939}.Debug|Any CPU.ActiveCfg = Debug|Any CPU
		{8F9C76BC-A185-4A94-AA00-F76653D28939}.Debug|Any CPU.Build.0 = Debug|Any CPU
		{8F9C76BC-A185-4A94-AA00-F76653D28939}.Release|Any CPU.ActiveCfg = Release|Any CPU
		{8F9C76BC-A185-4A94-AA00-F76653D28939}.Release|Any CPU.Build.0 = Release|Any CPU
	EndGlobalSection
	GlobalSection(NestedProjects) = preSolution
		{5C1B2AA8-6240-407B-8D0B-ADBADAFBA77C} = {AB2AF0C2-5BA8-4BC2-937C-D953E52D8D8B}
		{9439BBD0-6D12-4D0D-99AA-001E156BD0AB} = {74CA2B33-B9E6-490C-9BAA-93747F72AA93}
		{8B052C67-E759-4C73-988F-3E2E2CAF4CCE} = {74CA2B33-B9E6-490C-9BAA-93747F72AA93}
		{D978544F-0534-4AA2-A171-5745EFAF323A} = {74CA2B33-B9E6-490C-9BAA-93747F72AA93}
		{4AC30D46-65B6-42B8-9331-DC1AFAAAF6FC} = {74CA2B33-B9E6-490C-9BAA-93747F72AA93}
		{BCFCA4FB-7FCF-431C-814D-2890B9E93713} = {74CA2B33-B9E6-490C-9BAA-93747F72AA93}
		{B201825B-86C5-496D-987B-554E2CE66A7B} = {06F66902-8219-4CDA-8734-B9F368000C6A}
		{DFCEE5ED-5EF4-49E3-8C5B-08AC53AE9658} = {106252CA-3E6C-4A68-AE5C-4B78491C6AE8}
		{EEED95F8-EE1E-4F43-9559-E03AAB78838A} = {DFCEE5ED-5EF4-49E3-8C5B-08AC53AE9658}
		{CBD30F64-BC69-4462-BC2E-36A6C0837A02} = {DFCEE5ED-5EF4-49E3-8C5B-08AC53AE9658}
		{4FED7A81-039D-494E-91E9-39918CF71084} = {106252CA-3E6C-4A68-AE5C-4B78491C6AE8}
		{BFDEDB54-3765-407A-90F1-953E2383C1C7} = {4FED7A81-039D-494E-91E9-39918CF71084}
		{7AA766DB-0CF3-4F43-8D8E-00A83C2E53DC} = {4FED7A81-039D-494E-91E9-39918CF71084}
		{8F9C76BC-A185-4A94-AA00-F76653D28939} = {74CA2B33-B9E6-490C-9BAA-93747F72AA93}
	EndGlobalSection
EndGlobal
